
Microsoft Visual Studio Solution File, Format Version 12.00
# Visual Studio 15
VisualStudioVersion = 15.0.28307.102
MinimumVisualStudioVersion = 10.0.40219.1
Project("{8BC9CEB8-8B4A-11D0-8D11-00A0C91BC942}") = "flappy_bird", "flappy_bird\flappy_bird.vcxproj", "{E2D17B97-6719-463A-87ED-E07040E7FB8C}"
EndProject
Global
	GlobalSection(SolutionConfigurationPlatforms) = preSolution
		Debug|x64 = Debug|x64
		Debug|x86 = Debug|x86
		Release|x64 = Release|x64
		Release|x86 = Release|x86
	EndGlobalSection
	GlobalSection(ProjectConfigurationPlatforms) = postSolution
		{E2D17B97-6719-463A-87ED-E07040E7FB8C}.Debug|x64.ActiveCfg = Debug|x64
		{E2D17B97-6719-463A-87ED-E07040E7FB8C}.Debug|x64.Build.0 = Debug|x64
		{E2D17B97-6719-463A-87ED-E07040E7FB8C}.Debug|x86.ActiveCfg = Debug|Win32
		{E2D17B97-6719-463A-87ED-E07040E7FB8C}.Debug|x86.Build.0 = Debug|Win32
		{E2D17B97-6719-463A-87ED-E07040E7FB8C}.Release|x64.ActiveCfg = Release|x64
		{E2D17B97-6719-463A-87ED-E07040E7FB8C}.Release|x64.Build.0 = Release|x64
		{E2D17B97-6719-463A-87ED-E07040E7FB8C}.Release|x86.ActiveCfg = Release|Win32
		{E2D17B97-6719-463A-87ED-E07040E7FB8C}.Release|x86.Build.0 = Release|Win32
	EndGlobalSection
	GlobalSection(SolutionProperties) = preSolution
		HideSolutionNode = FALSE
	EndGlobalSection
	GlobalSection(ExtensibilityGlobals) = postSolution
		SolutionGuid = {8F783FCA-2DF7-42BC-8694-541755E2FAA5}
	EndGlobalSection
EndGlobal
